
Microsoft Visual Studio Solution File, Format Version 12.00
# Visual Studio Version 16
VisualStudioVersion = 16.0.31605.320
MinimumVisualStudioVersion = 10.0.40219.1
Project("{FAE04EC0-301F-11D3-BF4B-00C04F79EFBC}") = "Secao09", "Secao09\Secao09.csproj", "{3C19E473-BD0F-4015-B09D-EDCFBA603FDC}"
EndProject
Global
	GlobalSection(SolutionConfigurationPlatforms) = preSolution
		Debug|Any CPU = Debug|Any CPU
		Release|Any CPU = Release|Any CPU
	EndGlobalSection
	GlobalSection(ProjectConfigurationPlatforms) = postSolution
		{3C19E473-BD0F-4015-B09D-EDCFBA603FDC}.Debug|Any CPU.ActiveCfg = Debug|Any CPU
		{3C19E473-BD0F-4015-B09D-EDCFBA603FDC}.Debug|Any CPU.Build.0 = Debug|Any CPU
		{3C19E473-BD0F-4015-B09D-EDCFBA603FDC}.Release|Any CPU.ActiveCfg = Release|Any CPU
		{3C19E473-BD0F-4015-B09D-EDCFBA603FDC}.Release|Any CPU.Build.0 = Release|Any CPU
	EndGlobalSection
	GlobalSection(SolutionProperties) = preSolution
		HideSolutionNode = FALSE
	EndGlobalSection
	GlobalSection(ExtensibilityGlobals) = postSolution
		SolutionGuid = {6070CD48-A116-4E4D-8B2F-B526B82CE6C9}
	EndGlobalSection
EndGlobal
